
Microsoft Visual Studio Solution File, Format Version 12.00
# Visual Studio Version 17
VisualStudioVersion = 17.14.36203.30 d17.14
MinimumVisualStudioVersion = 10.0.40219.1
Project("{FAE04EC0-301F-11D3-BF4B-00C04F79EFBC}") = "GetUserIPProject", "GetUserIPProject\GetUserIPProject.csproj", "{0C0469FA-40B8-4CB0-B654-CEE1C53A44C1}"
EndProject
Global
	GlobalSection(SolutionConfigurationPlatforms) = preSolution
		Debug|Any CPU = Debug|Any CPU
		Release|Any CPU = Release|Any CPU
	EndGlobalSection
	GlobalSection(ProjectConfigurationPlatforms) = postSolution
		{0C0469FA-40B8-4CB0-B654-CEE1C53A44C1}.Debug|Any CPU.ActiveCfg = Debug|Any CPU
		{0C0469FA-40B8-4CB0-B654-CEE1C53A44C1}.Debug|Any CPU.Build.0 = Debug|Any CPU
		{0C0469FA-40B8-4CB0-B654-CEE1C53A44C1}.Release|Any CPU.ActiveCfg = Release|Any CPU
		{0C0469FA-40B8-4CB0-B654-CEE1C53A44C1}.Release|Any CPU.Build.0 = Release|Any CPU
	EndGlobalSection
	GlobalSection(SolutionProperties) = preSolution
		HideSolutionNode = FALSE
	EndGlobalSection
	GlobalSection(ExtensibilityGlobals) = postSolution
		SolutionGuid = {E8130BC6-86E0-4CEF-AB69-5A8080C0AC41}
	EndGlobalSection
EndGlobal
